# This file is autogenerated, do not edit; changes may be undone by the next 'dep ensure'.


[[projects]]
  branch = "master"
  digest = "1:83e2bd9998e6cde26bd37d2b5dcaaf4e5cfc1caabe03da91d302c08e808a39dc"
  name = "github.com/kylelemons/godebug"
  packages = [
    "diff",
    "pretty",
  ]
  pruneopts = ""
  revision = "fa7b53cdfc9105c70f134574002f406232921437"

[[projects]]
  branch = "master"
  digest = "1:58cea1f7027a0f9284dd57887c39b1c83e597c336e91956098caeaecbe2b46c3"
  name = "github.com/logrusorgru/aurora"
  packages = ["."]
  pruneopts = ""
  revision = "94edacc10f9bc12e9ac613b16125c6c68a8f7626"

[[projects]]
  branch = "v2"
  digest = "1:06972867fb169c2b9886d666e38bb895a514a1424241e1c1c988977ab430b18e"
  name = "gopkg.in/yaml.v2"
  packages = ["."]
  pruneopts = ""
  revision = "970885f01c8bc1fecb7ab1c8ce8e7609bda45530"

[solve-meta]
  analyzer-name = "dep"
  analyzer-version = 1
  input-imports = [
    "github.com/kylelemons/godebug/pretty",
    "github.com/logrusorgru/aurora",
    "gopkg.in/yaml.v2",
  ]
  solver-name = "gps-cdcl"
  solver-version = 1
